
Microsoft Visual Studio Solution File, Format Version 12.00
# Visual Studio Version 17
VisualStudioVersion = 17.3.32922.545
MinimumVisualStudioVersion = 10.0.40219.1
Project("{FAE04EC0-301F-11D3-BF4B-00C04F79EFBC}") = "Storage", "Storage.csproj", "{D80C33FB-5101-4E3F-9D12-597FAB179147}"
EndProject
Global
	GlobalSection(SolutionConfigurationPlatforms) = preSolution
		Debug|Any CPU = Debug|Any CPU
		Release|Any CPU = Release|Any CPU
	EndGlobalSection
	GlobalSection(ProjectConfigurationPlatforms) = postSolution
		{D80C33FB-5101-4E3F-9D12-597FAB179147}.Debug|Any CPU.ActiveCfg = Debug|Any CPU
		{D80C33FB-5101-4E3F-9D12-597FAB179147}.Debug|Any CPU.Build.0 = Debug|Any CPU
		{D80C33FB-5101-4E3F-9D12-597FAB179147}.Release|Any CPU.ActiveCfg = Release|Any CPU
		{D80C33FB-5101-4E3F-9D12-597FAB179147}.Release|Any CPU.Build.0 = Release|Any CPU
	EndGlobalSection
	GlobalSection(SolutionProperties) = preSolution
		HideSolutionNode = FALSE
	EndGlobalSection
	GlobalSection(ExtensibilityGlobals) = postSolution
		SolutionGuid = {2768068D-DB40-4B9D-A0DE-B0D0A756012A}
	EndGlobalSection
EndGlobal
